
Microsoft Visual Studio Solution File, Format Version 12.00
# Visual Studio Version 16
VisualStudioVersion = 16.0.29709.97
MinimumVisualStudioVersion = 10.0.40219.1
Project("{8BC9CEB8-8B4A-11D0-8D11-00A0C91BC942}") = "Chepter03App", "Chepter03App\Chepter03App.vcxproj", "{D901FDBE-3462-4192-A853-3BA091FB0714}"
EndProject
Project("{8BC9CEB8-8B4A-11D0-8D11-00A0C91BC942}") = "Chepter04App", "..\Chepter04App\Chepter04App.vcxproj", "{FFC88EDE-5DA7-445F-8BC5-4C4A7C231DAD}"
EndProject
Project("{8BC9CEB8-8B4A-11D0-8D11-00A0C91BC942}") = "Chepter05App", "Chepter05App\Chepter05App.vcxproj", "{785F596D-DA33-4EB1-91D5-96029E02730C}"
EndProject
Project("{8BC9CEB8-8B4A-11D0-8D11-00A0C91BC942}") = "Chepter06App", "Chepter06App\Chepter06App.vcxproj", "{FCC7FC2D-AC9B-46D2-BA5D-31D79B6B307A}"
EndProject
Project("{8BC9CEB8-8B4A-11D0-8D11-00A0C91BC942}") = "Chepter07App", "Chepter07App\Chepter07App.vcxproj", "{B1969FA2-B08A-44C3-90D3-E9003BB32EBE}"
EndProject
Global
	GlobalSection(SolutionConfigurationPlatforms) = preSolution
		Debug|x64 = Debug|x64
		Debug|x86 = Debug|x86
		Release|x64 = Release|x64
		Release|x86 = Release|x86
	EndGlobalSection
	GlobalSection(ProjectConfigurationPlatforms) = postSolution
		{D901FDBE-3462-4192-A853-3BA091FB0714}.Debug|x64.ActiveCfg = Debug|x64
		{D901FDBE-3462-4192-A853-3BA091FB0714}.Debug|x64.Build.0 = Debug|x64
		{D901FDBE-3462-4192-A853-3BA091FB0714}.Debug|x86.ActiveCfg = Debug|Win32
		{D901FDBE-3462-4192-A853-3BA091FB0714}.Debug|x86.Build.0 = Debug|Win32
		{D901FDBE-3462-4192-A853-3BA091FB0714}.Release|x64.ActiveCfg = Release|x64
		{D901FDBE-3462-4192-A853-3BA091FB0714}.Release|x64.Build.0 = Release|x64
		{D901FDBE-3462-4192-A853-3BA091FB0714}.Release|x86.ActiveCfg = Release|Win32
		{D901FDBE-3462-4192-A853-3BA091FB0714}.Release|x86.Build.0 = Release|Win32
		{FFC88EDE-5DA7-445F-8BC5-4C4A7C231DAD}.Debug|x64.ActiveCfg = Debug|x64
		{FFC88EDE-5DA7-445F-8BC5-4C4A7C231DAD}.Debug|x64.Build.0 = Debug|x64
		{FFC88EDE-5DA7-445F-8BC5-4C4A7C231DAD}.Debug|x86.ActiveCfg = Debug|Win32
		{FFC88EDE-5DA7-445F-8BC5-4C4A7C231DAD}.Debug|x86.Build.0 = Debug|Win32
		{FFC88EDE-5DA7-445F-8BC5-4C4A7C231DAD}.Release|x64.ActiveCfg = Release|x64
		{FFC88EDE-5DA7-445F-8BC5-4C4A7C231DAD}.Release|x64.Build.0 = Release|x64
		{FFC88EDE-5DA7-445F-8BC5-4C4A7C231DAD}.Release|x86.ActiveCfg = Release|Win32
		{FFC88EDE-5DA7-445F-8BC5-4C4A7C231DAD}.Release|x86.Build.0 = Release|Win32
		{785F596D-DA33-4EB1-91D5-96029E02730C}.Debug|x64.ActiveCfg = Debug|x64
		{785F596D-DA33-4EB1-91D5-96029E02730C}.Debug|x64.Build.0 = Debug|x64
		{785F596D-DA33-4EB1-91D5-96029E02730C}.Debug|x86.ActiveCfg = Debug|Win32
		{785F596D-DA33-4EB1-91D5-96029E02730C}.Debug|x86.Build.0 = Debug|Win32
		{785F596D-DA33-4EB1-91D5-96029E02730C}.Release|x64.ActiveCfg = Release|x64
		{785F596D-DA33-4EB1-91D5-96029E02730C}.Release|x64.Build.0 = Release|x64
		{785F596D-DA33-4EB1-91D5-96029E02730C}.Release|x86.ActiveCfg = Release|Win32
		{785F596D-DA33-4EB1-91D5-96029E02730C}.Release|x86.Build.0 = Release|Win32
		{FCC7FC2D-AC9B-46D2-BA5D-31D79B6B307A}.Debug|x64.ActiveCfg = Debug|x64
		{FCC7FC2D-AC9B-46D2-BA5D-31D79B6B307A}.Debug|x64.Build.0 = Debug|x64
		{FCC7FC2D-AC9B-46D2-BA5D-31D79B6B307A}.Debug|x86.ActiveCfg = Debug|Win32
		{FCC7FC2D-AC9B-46D2-BA5D-31D79B6B307A}.Debug|x86.Build.0 = Debug|Win32
		{FCC7FC2D-AC9B-46D2-BA5D-31D79B6B307A}.Release|x64.ActiveCfg = Release|x64
		{FCC7FC2D-AC9B-46D2-BA5D-31D79B6B307A}.Release|x64.Build.0 = Release|x64
		{FCC7FC2D-AC9B-46D2-BA5D-31D79B6B307A}.Release|x86.ActiveCfg = Release|Win32
		{FCC7FC2D-AC9B-46D2-BA5D-31D79B6B307A}.Release|x86.Build.0 = Release|Win32
		{B1969FA2-B08A-44C3-90D3-E9003BB32EBE}.Debug|x64.ActiveCfg = Debug|x64
		{B1969FA2-B08A-44C3-90D3-E9003BB32EBE}.Debug|x64.Build.0 = Debug|x64
		{B1969FA2-B08A-44C3-90D3-E9003BB32EBE}.Debug|x86.ActiveCfg = Debug|Win32
		{B1969FA2-B08A-44C3-90D3-E9003BB32EBE}.Debug|x86.Build.0 = Debug|Win32
		{B1969FA2-B08A-44C3-90D3-E9003BB32EBE}.Release|x64.ActiveCfg = Release|x64
		{B1969FA2-B08A-44C3-90D3-E9003BB32EBE}.Release|x64.Build.0 = Release|x64
		{B1969FA2-B08A-44C3-90D3-E9003BB32EBE}.Release|x86.ActiveCfg = Release|Win32
		{B1969FA2-B08A-44C3-90D3-E9003BB32EBE}.Release|x86.Build.0 = Release|Win32
	EndGlobalSection
	GlobalSection(SolutionProperties) = preSolution
		HideSolutionNode = FALSE
	EndGlobalSection
	GlobalSection(ExtensibilityGlobals) = postSolution
		SolutionGuid = {7646EA31-B99E-4966-9B21-A94A74A649D7}
	EndGlobalSection
EndGlobal
